<?xml version="1.0" encoding="utf-8"?>
<Project ToolsVersion="4.0" xmlns="http://schemas.microsoft.com/developer/msbuild/2003">
  <ItemGroup>
    <Filter Include="Source Files">
      <UniqueIdentifier>{4FC737F1-C7A5-4376-A066-2A32D752A2FF}</UniqueIdentifier>
      <Extensions>cpp;c;cc;cxx;def;odl;idl;hpj;bat;asm;asmx</Extensions>
    </Filter>
    <Filter Include="Header Files">
      <UniqueIdentifier>{93995380-89BD-4b04-88EB-625FBE52EBFB}</UniqueIdentifier>
      <Extensions>h;hh;hpp;hxx;hm;inl;inc;xsd</Extensions>
    </Filter>
    <Filter Include="Resource Files">
      <UniqueIdentifier>{67DA6AB6-F800-4c08-8B7A-83BB121AAD01}</UniqueIdentifier>
      <Extensions>rc;ico;cur;bmp;dlg;rc2;rct;bin;rgs;gif;jpg;jpeg;jpe;resx;tiff;tif;png;wav</Extensions>
    </Filter>
    <Filter Include="CppStep">
      <UniqueIdentifier>{7dd72f9d-5b22-47c3-bf9f-bdd35cec5ffe}</UniqueIdentifier>
    </Filter>
  </ItemGroup>
  <ItemGroup>
    <ClCompile Include="src\Artnet.cpp">
      <Filter>Source Files</Filter>
    </ClCompile>
    <ClCompile Include="src\Config.cpp">
      <Filter>Source Files</Filter>
    </ClCompile>
    <ClCompile Include="src\main.cpp">
      <Filter>Source Files</Filter>
    </ClCompile>
    <ClCompile Include="src\Socket.cpp">
      <Filter>Source Files</Filter>
    </ClCompile>
    <ClCompile Include="src\VDJartnet.cpp">
      <Filter>Source Files</Filter>
    </ClCompile>
    <ClCompile Include="src\ConfigWindow.cpp">
      <Filter>Source Files</Filter>
    </ClCompile>
    <ClCompile Include="src\CppStep\src\WinForm.cpp">
      <Filter>Source Files</Filter>
    </ClCompile>
    <ClCompile Include="src\CppStep\src\WinTableViewDataSource.cpp">
      <Filter>Source Files</Filter>
    </ClCompile>
    <ClCompile Include="src\CppStep\src\CSAlignView.cpp">
      <Filter>CppStep</Filter>
    </ClCompile>
    <ClCompile Include="src\CppStep\src\CSApp.cpp">
      <Filter>CppStep</Filter>
    </ClCompile>
    <ClCompile Include="src\CppStep\src\CSLabel.cpp">
      <Filter>CppStep</Filter>
    </ClCompile>
    <ClCompile Include="src\CppStep\src\CSSuperView.cpp">
      <Filter>CppStep</Filter>
    </ClCompile>
    <ClCompile Include="src\CppStep\src\CSTableView.cpp">
      <Filter>CppStep</Filter>
    </ClCompile>
    <ClCompile Include="src\CppStep\src\CSTextField.cpp">
      <Filter>CppStep</Filter>
    </ClCompile>
    <ClCompile Include="src\CppStep\src\CSUndoManager.cpp">
      <Filter>CppStep</Filter>
    </ClCompile>
    <ClCompile Include="src\CppStep\src\CSView.cpp">
      <Filter>CppStep</Filter>
    </ClCompile>
    <ClCompile Include="src\CppStep\src\CSWindow.cpp">
      <Filter>CppStep</Filter>
    </ClCompile>
  </ItemGroup>
  <ItemGroup>
    <ClInclude Include="src\Artnet.hpp">
      <Filter>Header Files</Filter>
    </ClInclude>
    <ClInclude Include="src\Config.hpp">
      <Filter>Header Files</Filter>
    </ClInclude>
    <ClInclude Include="src\Socket.hpp">
      <Filter>Header Files</Filter>
    </ClInclude>
    <ClInclude Include="src\VDJartnet.hpp">
      <Filter>Header Files</Filter>
    </ClInclude>
    <ClInclude Include="src\vdjPlugin8.h">
      <Filter>Header Files</Filter>
    </ClInclude>
    <ClInclude Include="resource.h">
      <Filter>Header Files</Filter>
    </ClInclude>
    <ClInclude Include="src\ConfigTableViewDataSource.hpp">
      <Filter>Header Files</Filter>
    </ClInclude>
    <ClInclude Include="src\ConfigWindow.hpp">
      <Filter>Header Files</Filter>
    </ClInclude>
    <ClInclude Include="src\CppStep\src\WinForm.hpp">
      <Filter>Header Files</Filter>
    </ClInclude>
    <ClInclude Include="src\CppStep\src\WinNativeEventHandler.hpp">
      <Filter>Header Files</Filter>
    </ClInclude>
    <ClInclude Include="src\CppStep\src\WinTableViewDataSource.hpp">
      <Filter>Header Files</Filter>
    </ClInclude>
    <ClInclude Include="src\CppStep\src\CSAlignView.hpp">
      <Filter>CppStep</Filter>
    </ClInclude>
    <ClInclude Include="src\CppStep\src\CSApp.hpp">
      <Filter>CppStep</Filter>
    </ClInclude>
    <ClInclude Include="src\CppStep\src\CSCore.hpp">
      <Filter>CppStep</Filter>
    </ClInclude>
    <ClInclude Include="src\CppStep\src\CSLabel.hpp">
      <Filter>CppStep</Filter>
    </ClInclude>
    <ClInclude Include="src\CppStep\src\CSRange.hpp">
      <Filter>CppStep</Filter>
    </ClInclude>
    <ClInclude Include="src\CppStep\src\CSRect.hpp">
      <Filter>CppStep</Filter>
    </ClInclude>
    <ClInclude Include="src\CppStep\src\CSSuperView.hpp">
      <Filter>CppStep</Filter>
    </ClInclude>
    <ClInclude Include="src\CppStep\src\CSTableView.hpp">
      <Filter>CppStep</Filter>
    </ClInclude>
    <ClInclude Include="src\CppStep\src\CSTableViewDataSource.hpp">
      <Filter>CppStep</Filter>
    </ClInclude>
    <ClInclude Include="src\CppStep\src\CSTextField.hpp">
      <Filter>CppStep</Filter>
    </ClInclude>
    <ClInclude Include="src\CppStep\src\CSUndoManager.hpp">
      <Filter>CppStep</Filter>
    </ClInclude>
    <ClInclude Include="src\CppStep\src\CSView.hpp">
      <Filter>CppStep</Filter>
    </ClInclude>
    <ClInclude Include="src\CppStep\src\CSWindow.hpp">
      <Filter>CppStep</Filter>
    </ClInclude>
  </ItemGroup>
  <ItemGroup>
    <Text Include="src\presets.txt" />
    <Text Include="src\about.txt" />
  </ItemGroup>
</Project>