
Microsoft Visual Studio Solution File, Format Version 12.00
# Visual Studio 15
VisualStudioVersion = 15.0.27428.2043
MinimumVisualStudioVersion = 10.0.40219.1
Project("{8BC9CEB8-8B4A-11D0-8D11-00A0C91BC942}") = "VDJartnet", "VDJartnet.vcxproj", "{5A6B6DB1-F41C-4120-800F-E4291C9F91BD}"
EndProject
Global
	GlobalSection(SolutionConfigurationPlatforms) = preSolution
		Debug|x64 = Debug|x64
		Debug|x86 = Debug|x86
		Release|x64 = Release|x64
		Release|x86 = Release|x86
	EndGlobalSection
	GlobalSection(ProjectConfigurationPlatforms) = postSolution
		{5A6B6DB1-F41C-4120-800F-E4291C9F91BD}.Debug|x64.ActiveCfg = Debug|x64
		{5A6B6DB1-F41C-4120-800F-E4291C9F91BD}.Debug|x64.Build.0 = Debug|x64
		{5A6B6DB1-F41C-4120-800F-E4291C9F91BD}.Debug|x86.ActiveCfg = Debug|Win32
		{5A6B6DB1-F41C-4120-800F-E4291C9F91BD}.Debug|x86.Build.0 = Debug|Win32
		{5A6B6DB1-F41C-4120-800F-E4291C9F91BD}.Release|x64.ActiveCfg = Release|x64
		{5A6B6DB1-F41C-4120-800F-E4291C9F91BD}.Release|x64.Build.0 = Release|x64
		{5A6B6DB1-F41C-4120-800F-E4291C9F91BD}.Release|x86.ActiveCfg = Release|Win32
		{5A6B6DB1-F41C-4120-800F-E4291C9F91BD}.Release|x86.Build.0 = Release|Win32
	EndGlobalSection
	GlobalSection(SolutionProperties) = preSolution
		HideSolutionNode = FALSE
	EndGlobalSection
	GlobalSection(ExtensibilityGlobals) = postSolution
		SolutionGuid = {64BE2107-A994-46EB-8B27-9294D16EA0BD}
	EndGlobalSection
EndGlobal
