// !$*UTF8*$!
{
	archiveVersion = 1;
	classes = {
	};
	objectVersion = 46;
	objects = {

/* Begin PBXBuildFile section */
		6842A7981F00612B009EC942 /* main.cpp in Sources */ = {isa = PBXBuildFile; fileRef = 686A93DD1E4D29FF002C7ED1 /* main.cpp */; };
		6842A7991F006130009EC942 /* VDJartnet.cpp in Sources */ = {isa = PBXBuildFile; fileRef = 686A93DA1E4D29E0002C7ED1 /* VDJartnet.cpp */; };
		6842A79A1F006137009EC942 /* ConfigMac.mm in Sources */ = {isa = PBXBuildFile; fileRef = 684CFF651ECCAD6500C538B2 /* ConfigMac.mm */; };
		6842A79B1F00613F009EC942 /* ConfigMacViewController.mm in Sources */ = {isa = PBXBuildFile; fileRef = 6801FA811EE170B500335D50 /* ConfigMacViewController.mm */; };
		6842A79C1F006145009EC942 /* ConfigMacPresetDataSource.mm in Sources */ = {isa = PBXBuildFile; fileRef = 6801FA841EE1D5C300335D50 /* ConfigMacPresetDataSource.mm */; };
		6842A79D1F00614A009EC942 /* ConfigMacTableView.m in Sources */ = {isa = PBXBuildFile; fileRef = 6801FA871EE206F700335D50 /* ConfigMacTableView.m */; };
		68C4F73F1EACE18B007C4A7D /* AppKit.framework in Frameworks */ = {isa = PBXBuildFile; fileRef = 68C4F73E1EACE18B007C4A7D /* AppKit.framework */; settings = {ATTRIBUTES = (Required, ); }; };
		68F9E8531F981DAF002F8CEF /* ReadmeDlg.wxs in Resources */ = {isa = PBXBuildFile; fileRef = 68F9E84E1F981DAA002F8CEF /* ReadmeDlg.wxs */; };
		68F9E8541F981DAF002F8CEF /* buildPackageWin.bat in Resources */ = {isa = PBXBuildFile; fileRef = 68F9E84F1F981DAE002F8CEF /* buildPackageWin.bat */; };
		68F9E8551F981DAF002F8CEF /* buildPackageMac.sh in Resources */ = {isa = PBXBuildFile; fileRef = 68F9E8501F981DAE002F8CEF /* buildPackageMac.sh */; };
		68F9E8561F981DAF002F8CEF /* distributionTransformMac.xsl in Resources */ = {isa = PBXBuildFile; fileRef = 68F9E8511F981DAE002F8CEF /* distributionTransformMac.xsl */; };
		68F9E8571F981DAF002F8CEF /* winInstaller.wxs in Resources */ = {isa = PBXBuildFile; fileRef = 68F9E8521F981DAF002F8CEF /* winInstaller.wxs */; };
		68F9E85C1F981DBC002F8CEF /* postinstall in Resources */ = {isa = PBXBuildFile; fileRef = 68F9E8591F981DBC002F8CEF /* postinstall */; };
		68F9E85D1F981DBC002F8CEF /* postinstall in Resources */ = {isa = PBXBuildFile; fileRef = 68F9E85B1F981DBC002F8CEF /* postinstall */; };
		68F9E8621F981E11002F8CEF /* VDJartnet.plist in Resources */ = {isa = PBXBuildFile; fileRef = 68F9E85F1F981E0F002F8CEF /* VDJartnet.plist */; };
/* End PBXBuildFile section */

/* Begin PBXFileReference section */
		6801FA811EE170B500335D50 /* ConfigMacViewController.mm */ = {isa = PBXFileReference; fileEncoding = 4; lastKnownFileType = sourcecode.cpp.objcpp; path = ConfigMacViewController.mm; sourceTree = "<group>"; };
		6801FA831EE170D100335D50 /* ConfigMacViewController.h */ = {isa = PBXFileReference; lastKnownFileType = sourcecode.c.h; path = ConfigMacViewController.h; sourceTree = "<group>"; };
		6801FA841EE1D5C300335D50 /* ConfigMacPresetDataSource.mm */ = {isa = PBXFileReference; fileEncoding = 4; lastKnownFileType = sourcecode.cpp.objcpp; path = ConfigMacPresetDataSource.mm; sourceTree = "<group>"; };
		6801FA861EE1D5D000335D50 /* ConfigMacPresetDataSource.h */ = {isa = PBXFileReference; lastKnownFileType = sourcecode.c.h; path = ConfigMacPresetDataSource.h; sourceTree = "<group>"; };
		6801FA871EE206F700335D50 /* ConfigMacTableView.m */ = {isa = PBXFileReference; fileEncoding = 4; lastKnownFileType = sourcecode.c.objc; path = ConfigMacTableView.m; sourceTree = "<group>"; };
		6801FA891EE2070500335D50 /* ConfigMacTableView.h */ = {isa = PBXFileReference; lastKnownFileType = sourcecode.c.h; path = ConfigMacTableView.h; sourceTree = "<group>"; };
		684CFF651ECCAD6500C538B2 /* ConfigMac.mm */ = {isa = PBXFileReference; explicitFileType = sourcecode.cpp.objcpp.preprocessed; fileEncoding = 4; path = ConfigMac.mm; sourceTree = "<group>"; };
		684CFF661ECCAD6500C538B2 /* ConfigMac.h */ = {isa = PBXFileReference; fileEncoding = 4; lastKnownFileType = sourcecode.c.h; path = ConfigMac.h; sourceTree = "<group>"; };
		686A93CF1E4D291B002C7ED1 /* VDJartnet.bundle */ = {isa = PBXFileReference; explicitFileType = wrapper.cfbundle; includeInIndex = 0; path = VDJartnet.bundle; sourceTree = BUILT_PRODUCTS_DIR; };
		686A93D21E4D291B002C7ED1 /* Info.plist */ = {isa = PBXFileReference; lastKnownFileType = text.plist.xml; path = Info.plist; sourceTree = "<group>"; };
		686A93DA1E4D29E0002C7ED1 /* VDJartnet.cpp */ = {isa = PBXFileReference; fileEncoding = 4; lastKnownFileType = sourcecode.cpp.cpp; path = VDJartnet.cpp; sourceTree = "<group>"; };
		686A93DB1E4D29E0002C7ED1 /* VDJartnet.hpp */ = {isa = PBXFileReference; fileEncoding = 4; lastKnownFileType = sourcecode.cpp.h; path = VDJartnet.hpp; sourceTree = "<group>"; };
		686A93DD1E4D29FF002C7ED1 /* main.cpp */ = {isa = PBXFileReference; fileEncoding = 4; lastKnownFileType = sourcecode.cpp.cpp; path = main.cpp; sourceTree = "<group>"; };
		686A93DF1E4D2A46002C7ED1 /* vdjDsp8.h */ = {isa = PBXFileReference; fileEncoding = 4; lastKnownFileType = sourcecode.c.h; path = vdjDsp8.h; sourceTree = "<group>"; };
		686A93E01E4D2A46002C7ED1 /* vdjPlugin8.h */ = {isa = PBXFileReference; fileEncoding = 4; lastKnownFileType = sourcecode.c.h; path = vdjPlugin8.h; sourceTree = "<group>"; };
		686A93E11E4D2A46002C7ED1 /* vdjVideo8.h */ = {isa = PBXFileReference; fileEncoding = 4; lastKnownFileType = sourcecode.c.h; path = vdjVideo8.h; sourceTree = "<group>"; };
		686CB3AB1EE30495008A8883 /* ConfigWin.cpp */ = {isa = PBXFileReference; lastKnownFileType = sourcecode.cpp.cpp; path = ConfigWin.cpp; sourceTree = "<group>"; };
		686CB3AC1EE30495008A8883 /* ConfigWin.hpp */ = {isa = PBXFileReference; lastKnownFileType = sourcecode.cpp.h; path = ConfigWin.hpp; sourceTree = "<group>"; };
		686CB3AE1EE311F8008A8883 /* ConfigWinDataSource.hpp */ = {isa = PBXFileReference; fileEncoding = 4; lastKnownFileType = sourcecode.cpp.h; path = ConfigWinDataSource.hpp; sourceTree = "<group>"; };
		68B464111E4F7F21002523CD /* zed_net-master */ = {isa = PBXFileReference; lastKnownFileType = folder; path = "zed_net-master"; sourceTree = "<group>"; };
		68C4F73E1EACE18B007C4A7D /* AppKit.framework */ = {isa = PBXFileReference; lastKnownFileType = wrapper.framework; name = AppKit.framework; path = System/Library/Frameworks/AppKit.framework; sourceTree = SDKROOT; };
		68F9E84E1F981DAA002F8CEF /* ReadmeDlg.wxs */ = {isa = PBXFileReference; fileEncoding = 4; lastKnownFileType = text.xml; path = ReadmeDlg.wxs; sourceTree = "<group>"; };
		68F9E84F1F981DAE002F8CEF /* buildPackageWin.bat */ = {isa = PBXFileReference; fileEncoding = 4; lastKnownFileType = text; path = buildPackageWin.bat; sourceTree = "<group>"; };
		68F9E8501F981DAE002F8CEF /* buildPackageMac.sh */ = {isa = PBXFileReference; fileEncoding = 4; lastKnownFileType = text.script.sh; path = buildPackageMac.sh; sourceTree = "<group>"; };
		68F9E8511F981DAE002F8CEF /* distributionTransformMac.xsl */ = {isa = PBXFileReference; fileEncoding = 4; lastKnownFileType = text.xml; path = distributionTransformMac.xsl; sourceTree = "<group>"; };
		68F9E8521F981DAF002F8CEF /* winInstaller.wxs */ = {isa = PBXFileReference; fileEncoding = 4; lastKnownFileType = text.xml; path = winInstaller.wxs; sourceTree = "<group>"; };
		68F9E8591F981DBC002F8CEF /* postinstall */ = {isa = PBXFileReference; fileEncoding = 4; lastKnownFileType = text.script.sh; path = postinstall; sourceTree = "<group>"; };
		68F9E85B1F981DBC002F8CEF /* postinstall */ = {isa = PBXFileReference; fileEncoding = 4; lastKnownFileType = text.script.sh; path = postinstall; sourceTree = "<group>"; };
		68F9E85F1F981E0F002F8CEF /* VDJartnet.plist */ = {isa = PBXFileReference; fileEncoding = 4; lastKnownFileType = text.plist.xml; path = VDJartnet.plist; sourceTree = "<group>"; };
		68F9E8601F981E10002F8CEF /* ConfigWinTableView.hpp */ = {isa = PBXFileReference; fileEncoding = 4; lastKnownFileType = sourcecode.cpp.h; path = ConfigWinTableView.hpp; sourceTree = "<group>"; };
		68F9E8611F981E10002F8CEF /* ConfigWinPresetDataSource.hpp */ = {isa = PBXFileReference; fileEncoding = 4; lastKnownFileType = sourcecode.cpp.h; path = ConfigWinPresetDataSource.hpp; sourceTree = "<group>"; };
/* End PBXFileReference section */

/* Begin PBXFrameworksBuildPhase section */
		686A93CC1E4D2919002C7ED1 /* Frameworks */ = {
			isa = PBXFrameworksBuildPhase;
			buildActionMask = 2147483647;
			files = (
				68C4F73F1EACE18B007C4A7D /* AppKit.framework in Frameworks */,
			);
			runOnlyForDeploymentPostprocessing = 0;
		};
/* End PBXFrameworksBuildPhase section */

/* Begin PBXGroup section */
		686A93C61E4D2919002C7ED1 = {
			isa = PBXGroup;
			children = (
				686A93D11E4D291B002C7ED1 /* VDJartnet */,
				68F9E85E1F981DC5002F8CEF /* Installers */,
				686A93D01E4D291B002C7ED1 /* Products */,
				686A93E41E4E57FD002C7ED1 /* Frameworks */,
			);
			sourceTree = "<group>";
		};
		686A93D01E4D291B002C7ED1 /* Products */ = {
			isa = PBXGroup;
			children = (
				686A93CF1E4D291B002C7ED1 /* VDJartnet.bundle */,
			);
			name = Products;
			sourceTree = "<group>";
		};
		686A93D11E4D291B002C7ED1 /* VDJartnet */ = {
			isa = PBXGroup;
			children = (
				686A93DF1E4D2A46002C7ED1 /* vdjDsp8.h */,
				686A93E01E4D2A46002C7ED1 /* vdjPlugin8.h */,
				686A93E11E4D2A46002C7ED1 /* vdjVideo8.h */,
				68B464111E4F7F21002523CD /* zed_net-master */,
				686A93D21E4D291B002C7ED1 /* Info.plist */,
				686A93DD1E4D29FF002C7ED1 /* main.cpp */,
				686A93DA1E4D29E0002C7ED1 /* VDJartnet.cpp */,
				686A93DB1E4D29E0002C7ED1 /* VDJartnet.hpp */,
				684CFF651ECCAD6500C538B2 /* ConfigMac.mm */,
				684CFF661ECCAD6500C538B2 /* ConfigMac.h */,
				6801FA811EE170B500335D50 /* ConfigMacViewController.mm */,
				6801FA831EE170D100335D50 /* ConfigMacViewController.h */,
				6801FA841EE1D5C300335D50 /* ConfigMacPresetDataSource.mm */,
				6801FA861EE1D5D000335D50 /* ConfigMacPresetDataSource.h */,
				6801FA871EE206F700335D50 /* ConfigMacTableView.m */,
				6801FA891EE2070500335D50 /* ConfigMacTableView.h */,
				686CB3AB1EE30495008A8883 /* ConfigWin.cpp */,
				686CB3AC1EE30495008A8883 /* ConfigWin.hpp */,
				686CB3AE1EE311F8008A8883 /* ConfigWinDataSource.hpp */,
				68F9E8611F981E10002F8CEF /* ConfigWinPresetDataSource.hpp */,
				68F9E8601F981E10002F8CEF /* ConfigWinTableView.hpp */,
			);
			name = VDJartnet;
			sourceTree = "<group>";
		};
		686A93E41E4E57FD002C7ED1 /* Frameworks */ = {
			isa = PBXGroup;
			children = (
				68C4F73E1EACE18B007C4A7D /* AppKit.framework */,
			);
			name = Frameworks;
			sourceTree = "<group>";
		};
		68F9E8581F981DBC002F8CEF /* updateConfigMac */ = {
			isa = PBXGroup;
			children = (
				68F9E8591F981DBC002F8CEF /* postinstall */,
			);
			path = updateConfigMac;
			sourceTree = "<group>";
		};
		68F9E85A1F981DBC002F8CEF /* updatePresetsMac */ = {
			isa = PBXGroup;
			children = (
				68F9E85B1F981DBC002F8CEF /* postinstall */,
			);
			path = updatePresetsMac;
			sourceTree = "<group>";
		};
		68F9E85E1F981DC5002F8CEF /* Installers */ = {
			isa = PBXGroup;
			children = (
				68F9E8501F981DAE002F8CEF /* buildPackageMac.sh */,
				68F9E8511F981DAE002F8CEF /* distributionTransformMac.xsl */,
				68F9E8581F981DBC002F8CEF /* updateConfigMac */,
				68F9E85A1F981DBC002F8CEF /* updatePresetsMac */,
				68F9E85F1F981E0F002F8CEF /* VDJartnet.plist */,
				68F9E84F1F981DAE002F8CEF /* buildPackageWin.bat */,
				68F9E8521F981DAF002F8CEF /* winInstaller.wxs */,
				68F9E84E1F981DAA002F8CEF /* ReadmeDlg.wxs */,
			);
			name = Installers;
			sourceTree = "<group>";
		};
/* End PBXGroup section */

/* Begin PBXNativeTarget section */
		686A93CE1E4D2919002C7ED1 /* VDJartnet */ = {
			isa = PBXNativeTarget;
			buildConfigurationList = 686A93D51E4D291B002C7ED1 /* Build configuration list for PBXNativeTarget "VDJartnet" */;
			buildPhases = (
				686A93CB1E4D2919002C7ED1 /* Sources */,
				686A93CC1E4D2919002C7ED1 /* Frameworks */,
				686A93CD1E4D2919002C7ED1 /* Resources */,
			);
			buildRules = (
			);
			dependencies = (
			);
			name = VDJartnet;
			productName = VDJartnet;
			productReference = 686A93CF1E4D291B002C7ED1 /* VDJartnet.bundle */;
			productType = "com.apple.product-type.bundle";
		};
/* End PBXNativeTarget section */

/* Begin PBXProject section */
		686A93C71E4D2919002C7ED1 /* Project object */ = {
			isa = PBXProject;
			attributes = {
				LastUpgradeCheck = 0820;
				ORGANIZATIONNAME = "Jonathan Tanner";
				TargetAttributes = {
					686A93CE1E4D2919002C7ED1 = {
						CreatedOnToolsVersion = 8.2.1;
						ProvisioningStyle = Automatic;
					};
				};
			};
			buildConfigurationList = 686A93CA1E4D2919002C7ED1 /* Build configuration list for PBXProject "VDJartnet" */;
			compatibilityVersion = "Xcode 3.2";
			developmentRegion = English;
			hasScannedForEncodings = 0;
			knownRegions = (
				en,
			);
			mainGroup = 686A93C61E4D2919002C7ED1;
			productRefGroup = 686A93D01E4D291B002C7ED1 /* Products */;
			projectDirPath = "";
			projectRoot = "";
			targets = (
				686A93CE1E4D2919002C7ED1 /* VDJartnet */,
			);
		};
/* End PBXProject section */

/* Begin PBXResourcesBuildPhase section */
		686A93CD1E4D2919002C7ED1 /* Resources */ = {
			isa = PBXResourcesBuildPhase;
			buildActionMask = 2147483647;
			files = (
				68F9E8541F981DAF002F8CEF /* buildPackageWin.bat in Resources */,
				68F9E8551F981DAF002F8CEF /* buildPackageMac.sh in Resources */,
				68F9E85C1F981DBC002F8CEF /* postinstall in Resources */,
				68F9E8621F981E11002F8CEF /* VDJartnet.plist in Resources */,
				68F9E8561F981DAF002F8CEF /* distributionTransformMac.xsl in Resources */,
				68F9E8531F981DAF002F8CEF /* ReadmeDlg.wxs in Resources */,
				68F9E8571F981DAF002F8CEF /* winInstaller.wxs in Resources */,
				68F9E85D1F981DBC002F8CEF /* postinstall in Resources */,
			);
			runOnlyForDeploymentPostprocessing = 0;
		};
/* End PBXResourcesBuildPhase section */

/* Begin PBXSourcesBuildPhase section */
		686A93CB1E4D2919002C7ED1 /* Sources */ = {
			isa = PBXSourcesBuildPhase;
			buildActionMask = 2147483647;
			files = (
				6842A7981F00612B009EC942 /* main.cpp in Sources */,
				6842A7991F006130009EC942 /* VDJartnet.cpp in Sources */,
				6842A79A1F006137009EC942 /* ConfigMac.mm in Sources */,
				6842A79C1F006145009EC942 /* ConfigMacPresetDataSource.mm in Sources */,
				6842A79D1F00614A009EC942 /* ConfigMacTableView.m in Sources */,
				6842A79B1F00613F009EC942 /* ConfigMacViewController.mm in Sources */,
			);
			runOnlyForDeploymentPostprocessing = 0;
		};
/* End PBXSourcesBuildPhase section */

/* Begin XCBuildConfiguration section */
		686A93D31E4D291B002C7ED1 /* Debug */ = {
			isa = XCBuildConfiguration;
			buildSettings = {
				ALWAYS_SEARCH_USER_PATHS = NO;
				CLANG_ANALYZER_NONNULL = YES;
				CLANG_CXX_LANGUAGE_STANDARD = "gnu++0x";
				CLANG_CXX_LIBRARY = "libc++";
				CLANG_ENABLE_MODULES = YES;
				CLANG_ENABLE_OBJC_ARC = YES;
				CLANG_WARN_BOOL_CONVERSION = YES;
				CLANG_WARN_CONSTANT_CONVERSION = YES;
				CLANG_WARN_DIRECT_OBJC_ISA_USAGE = YES_ERROR;
				CLANG_WARN_DOCUMENTATION_COMMENTS = YES;
				CLANG_WARN_EMPTY_BODY = YES;
				CLANG_WARN_ENUM_CONVERSION = YES;
				CLANG_WARN_INFINITE_RECURSION = YES;
				CLANG_WARN_INT_CONVERSION = YES;
				CLANG_WARN_OBJC_ROOT_CLASS = YES_ERROR;
				CLANG_WARN_SUSPICIOUS_MOVE = YES;
				CLANG_WARN_UNREACHABLE_CODE = YES;
				CLANG_WARN__DUPLICATE_METHOD_MATCH = YES;
				CODE_SIGN_IDENTITY = "-";
				COPY_PHASE_STRIP = NO;
				DEBUG_INFORMATION_FORMAT = dwarf;
				ENABLE_STRICT_OBJC_MSGSEND = YES;
				ENABLE_TESTABILITY = YES;
				GCC_C_LANGUAGE_STANDARD = gnu99;
				GCC_DYNAMIC_NO_PIC = NO;
				GCC_NO_COMMON_BLOCKS = YES;
				GCC_OPTIMIZATION_LEVEL = 0;
				GCC_PREPROCESSOR_DEFINITIONS = (
					"DEBUG=1",
					"$(inherited)",
				);
				GCC_WARN_64_TO_32_BIT_CONVERSION = YES;
				GCC_WARN_ABOUT_RETURN_TYPE = YES_ERROR;
				GCC_WARN_UNDECLARED_SELECTOR = YES;
				GCC_WARN_UNINITIALIZED_AUTOS = YES_AGGRESSIVE;
				GCC_WARN_UNUSED_FUNCTION = YES;
				GCC_WARN_UNUSED_VARIABLE = YES;
				MACOSX_DEPLOYMENT_TARGET = 10.12;
				MTL_ENABLE_DEBUG_INFO = YES;
				ONLY_ACTIVE_ARCH = YES;
				SDKROOT = macosx;
			};
			name = Debug;
		};
		686A93D41E4D291B002C7ED1 /* Release */ = {
			isa = XCBuildConfiguration;
			buildSettings = {
				ALWAYS_SEARCH_USER_PATHS = NO;
				CLANG_ANALYZER_NONNULL = YES;
				CLANG_CXX_LANGUAGE_STANDARD = "gnu++0x";
				CLANG_CXX_LIBRARY = "libc++";
				CLANG_ENABLE_MODULES = YES;
				CLANG_ENABLE_OBJC_ARC = YES;
				CLANG_WARN_BOOL_CONVERSION = YES;
				CLANG_WARN_CONSTANT_CONVERSION = YES;
				CLANG_WARN_DIRECT_OBJC_ISA_USAGE = YES_ERROR;
				CLANG_WARN_DOCUMENTATION_COMMENTS = YES;
				CLANG_WARN_EMPTY_BODY = YES;
				CLANG_WARN_ENUM_CONVERSION = YES;
				CLANG_WARN_INFINITE_RECURSION = YES;
				CLANG_WARN_INT_CONVERSION = YES;
				CLANG_WARN_OBJC_ROOT_CLASS = YES_ERROR;
				CLANG_WARN_SUSPICIOUS_MOVE = YES;
				CLANG_WARN_UNREACHABLE_CODE = YES;
				CLANG_WARN__DUPLICATE_METHOD_MATCH = YES;
				CODE_SIGN_IDENTITY = "-";
				COPY_PHASE_STRIP = NO;
				DEBUG_INFORMATION_FORMAT = "dwarf-with-dsym";
				ENABLE_NS_ASSERTIONS = NO;
				ENABLE_STRICT_OBJC_MSGSEND = YES;
				GCC_C_LANGUAGE_STANDARD = gnu99;
				GCC_NO_COMMON_BLOCKS = YES;
				GCC_WARN_64_TO_32_BIT_CONVERSION = YES;
				GCC_WARN_ABOUT_RETURN_TYPE = YES_ERROR;
				GCC_WARN_UNDECLARED_SELECTOR = YES;
				GCC_WARN_UNINITIALIZED_AUTOS = YES_AGGRESSIVE;
				GCC_WARN_UNUSED_FUNCTION = YES;
				GCC_WARN_UNUSED_VARIABLE = YES;
				MACOSX_DEPLOYMENT_TARGET = 10.12;
				MTL_ENABLE_DEBUG_INFO = NO;
				SDKROOT = macosx;
			};
			name = Release;
		};
		686A93D61E4D291B002C7ED1 /* Debug */ = {
			isa = XCBuildConfiguration;
			buildSettings = {
				CLANG_CXX_LANGUAGE_STANDARD = "gnu++14";
				CLANG_ENABLE_OBJC_ARC = YES;
				COMBINE_HIDPI_IMAGES = YES;
				INFOPLIST_FILE = Info.plist;
				INSTALL_PATH = "$(LOCAL_LIBRARY_DIR)/Bundles";
				OTHER_CPLUSPLUSFLAGS = (
					"$(OTHER_CFLAGS)",
					"-x",
					"objective-c++",
				);
				PRODUCT_BUNDLE_IDENTIFIER = uk.nixCode.VDJartnet;
				PRODUCT_NAME = "$(TARGET_NAME)";
				SKIP_INSTALL = YES;
				WRAPPER_EXTENSION = bundle;
			};
			name = Debug;
		};
		686A93D71E4D291B002C7ED1 /* Release */ = {
			isa = XCBuildConfiguration;
			buildSettings = {
				CLANG_CXX_LANGUAGE_STANDARD = "gnu++14";
				CLANG_ENABLE_OBJC_ARC = YES;
				COMBINE_HIDPI_IMAGES = YES;
				INFOPLIST_FILE = Info.plist;
				INSTALL_PATH = "$(LOCAL_LIBRARY_DIR)/Bundles";
				OTHER_CPLUSPLUSFLAGS = (
					"$(OTHER_CFLAGS)",
					"-x",
					"objective-c++",
				);
				PRODUCT_BUNDLE_IDENTIFIER = uk.nixCode.VDJartnet;
				PRODUCT_NAME = "$(TARGET_NAME)";
				SKIP_INSTALL = YES;
				WRAPPER_EXTENSION = bundle;
			};
			name = Release;
		};
/* End XCBuildConfiguration section */

/* Begin XCConfigurationList section */
		686A93CA1E4D2919002C7ED1 /* Build configuration list for PBXProject "VDJartnet" */ = {
			isa = XCConfigurationList;
			buildConfigurations = (
				686A93D31E4D291B002C7ED1 /* Debug */,
				686A93D41E4D291B002C7ED1 /* Release */,
			);
			defaultConfigurationIsVisible = 0;
			defaultConfigurationName = Release;
		};
		686A93D51E4D291B002C7ED1 /* Build configuration list for PBXNativeTarget "VDJartnet" */ = {
			isa = XCConfigurationList;
			buildConfigurations = (
				686A93D61E4D291B002C7ED1 /* Debug */,
				686A93D71E4D291B002C7ED1 /* Release */,
			);
			defaultConfigurationIsVisible = 0;
			defaultConfigurationName = Release;
		};
/* End XCConfigurationList section */
	};
	rootObject = 686A93C71E4D2919002C7ED1 /* Project object */;
}
