// !$*UTF8*$!
{
	archiveVersion = 1;
	classes = {
	};
	objectVersion = 46;
	objects = {

/* Begin PBXBuildFile section */
		684AFE58217A5CAB0076F213 /* NSFunction.mm in Sources */ = {isa = PBXBuildFile; fileRef = 684AFE57217A5CAB0076F213 /* NSFunction.mm */; };
		684AFE5B217A6C500076F213 /* NSUndoManager.m in Sources */ = {isa = PBXBuildFile; fileRef = 684AFE5A217A6C500076F213 /* NSUndoManager.m */; };
		684AFE5E217BA47D0076F213 /* UpdateCheck.cpp in Sources */ = {isa = PBXBuildFile; fileRef = 684AFE5D217BA47D0076F213 /* UpdateCheck.cpp */; };
		684AFE61217BCA890076F213 /* CSDialog.cpp in Sources */ = {isa = PBXBuildFile; fileRef = 684AFE5F217BCA890076F213 /* CSDialog.cpp */; };
		68873C642181EB40007FF342 /* NSPair.mm in Sources */ = {isa = PBXBuildFile; fileRef = 68873C622181EB3F007FF342 /* NSPair.mm */; };
		689F8B10215E767D00728F5F /* CSNSUndoManager.cpp in Sources */ = {isa = PBXBuildFile; fileRef = 689F8B0F215E767D00728F5F /* CSNSUndoManager.cpp */; };
		68B73933215BEA240027098B /* ConfigPresetWindow.cpp in Sources */ = {isa = PBXBuildFile; fileRef = 68B73930215BEA230027098B /* ConfigPresetWindow.cpp */; };
		68B73934215BEA240027098B /* ConfigWindow.cpp in Sources */ = {isa = PBXBuildFile; fileRef = 68B73932215BEA240027098B /* ConfigWindow.cpp */; };
		68B73968215BEBD50027098B /* CSNSTableViewDataSource.mm in Sources */ = {isa = PBXBuildFile; fileRef = 68B73935215BEBD20027098B /* CSNSTableViewDataSource.mm */; };
		68B73969215BEBD50027098B /* CSTextField.cpp in Sources */ = {isa = PBXBuildFile; fileRef = 68B73936215BEBD20027098B /* CSTextField.cpp */; };
		68B7396A215BEBD50027098B /* NSWindow.mm in Sources */ = {isa = PBXBuildFile; fileRef = 68B7393F215BEBD20027098B /* NSWindow.mm */; };
		68B7396B215BEBD50027098B /* NSDictionary.mm in Sources */ = {isa = PBXBuildFile; fileRef = 68B73940215BEBD20027098B /* NSDictionary.mm */; };
		68B7396C215BEBD50027098B /* CSView.cpp in Sources */ = {isa = PBXBuildFile; fileRef = 68B73943215BEBD30027098B /* CSView.cpp */; };
		68B7396E215BEBD50027098B /* NSAttributedString.mm in Sources */ = {isa = PBXBuildFile; fileRef = 68B73946215BEBD30027098B /* NSAttributedString.mm */; };
		68B73971215BEBD50027098B /* CSMenu.cpp in Sources */ = {isa = PBXBuildFile; fileRef = 68B73950215BEBD30027098B /* CSMenu.cpp */; };
		68B73973215BEBD50027098B /* CSTableView.cpp in Sources */ = {isa = PBXBuildFile; fileRef = 68B73955215BEBD40027098B /* CSTableView.cpp */; };
		68B73974215BEBD50027098B /* CSWebView.cpp in Sources */ = {isa = PBXBuildFile; fileRef = 68B73958215BEBD40027098B /* CSWebView.cpp */; };
		68B73975215BEBD50027098B /* CSAttributedString.cpp in Sources */ = {isa = PBXBuildFile; fileRef = 68B73959215BEBD40027098B /* CSAttributedString.cpp */; };
		68B73976215BEBD50027098B /* CSWindow.cpp in Sources */ = {isa = PBXBuildFile; fileRef = 68B7395A215BEBD40027098B /* CSWindow.cpp */; };
		68B73977215BEBD50027098B /* CSAlignView.cpp in Sources */ = {isa = PBXBuildFile; fileRef = 68B7395B215BEBD40027098B /* CSAlignView.cpp */; };
		68B73978215BEBD50027098B /* NSTextField.mm in Sources */ = {isa = PBXBuildFile; fileRef = 68B7395E215BEBD40027098B /* NSTextField.mm */; };
		68B73979215BEBD50027098B /* CSSuperView.cpp in Sources */ = {isa = PBXBuildFile; fileRef = 68B73960215BEBD40027098B /* CSSuperView.cpp */; };
		68B7397A215BEBD50027098B /* CSLabel.cpp in Sources */ = {isa = PBXBuildFile; fileRef = 68B73962215BEBD40027098B /* CSLabel.cpp */; };
		68B7397B215BEBD50027098B /* CSUndoManager.cpp in Sources */ = {isa = PBXBuildFile; fileRef = 68B73964215BEBD50027098B /* CSUndoManager.cpp */; };
		68B7397C215BEBD50027098B /* NSRange.mm in Sources */ = {isa = PBXBuildFile; fileRef = 68B73965215BEBD50027098B /* NSRange.mm */; };
		68B7397D215BEBD50027098B /* CSClipboard.cpp in Sources */ = {isa = PBXBuildFile; fileRef = 68B73966215BEBD50027098B /* CSClipboard.cpp */; };
		68B73980215C01670027098B /* NSString.mm in Sources */ = {isa = PBXBuildFile; fileRef = 68B7397F215C01670027098B /* NSString.mm */; };
		68B73982215C06280027098B /* Foundation.framework in Frameworks */ = {isa = PBXBuildFile; fileRef = 68B73981215C06280027098B /* Foundation.framework */; };
		68B73984215C062F0027098B /* WebKit.framework in Frameworks */ = {isa = PBXBuildFile; fileRef = 68B73983215C062F0027098B /* WebKit.framework */; };
		68B73989215D1A770027098B /* CSApp.cpp in Sources */ = {isa = PBXBuildFile; fileRef = 68B73988215D1A770027098B /* CSApp.cpp */; };
		68B7398B215D1C3A0027098B /* CSThread.cpp in Sources */ = {isa = PBXBuildFile; fileRef = 68B7398A215D1C3A0027098B /* CSThread.cpp */; };
		68B8DB5C20267B8600449F10 /* Localizable.strings in Resources */ = {isa = PBXBuildFile; fileRef = 68B8DB5B20267B8600449F10 /* Localizable.strings */; };
		68C4D4CD2197772600C11C73 /* defaultPresets.txt in Sources */ = {isa = PBXBuildFile; fileRef = 68CF23A5209F406F0072437B /* defaultPresets.txt */; };
		68C4F73F1EACE18B007C4A7D /* AppKit.framework in Frameworks */ = {isa = PBXBuildFile; fileRef = 68C4F73E1EACE18B007C4A7D /* AppKit.framework */; settings = {ATTRIBUTES = (Required, ); }; };
		68CF23A9209F41030072437B /* Artnet.cpp in Sources */ = {isa = PBXBuildFile; fileRef = 68CF239E209F406F0072437B /* Artnet.cpp */; };
		68CF23AA209F41030072437B /* Config.cpp in Sources */ = {isa = PBXBuildFile; fileRef = 68CF2396209F406F0072437B /* Config.cpp */; };
		68CF23B4209F41030072437B /* main.cpp in Sources */ = {isa = PBXBuildFile; fileRef = 68CF23A1209F406F0072437B /* main.cpp */; };
		68CF23B5209F41030072437B /* Socket.cpp in Sources */ = {isa = PBXBuildFile; fileRef = 68CF2386209F406F0072437B /* Socket.cpp */; };
		68CF23B6209F41030072437B /* VDJartnet.cpp in Sources */ = {isa = PBXBuildFile; fileRef = 68CF2395209F406F0072437B /* VDJartnet.cpp */; };
		68F9E8621F981E11002F8CEF /* VDJartnet.plist in Resources */ = {isa = PBXBuildFile; fileRef = 68F9E85F1F981E0F002F8CEF /* VDJartnet.plist */; };
/* End PBXBuildFile section */

/* Begin PBXBuildRule section */
		68C4D4CC2197762A00C11C73 /* PBXBuildRule */ = {
			isa = PBXBuildRule;
			compilerSpec = com.apple.compilers.proxy.script;
			filePatterns = "*.txt";
			fileType = pattern.proxy;
			isEditable = 1;
			outputFiles = (
				"$(DERIVED_FILE_DIR)/$(INPUT_FILE_BASE).o",
			);
			script = "cd $PROJECT_DIR/StringLinker\nghc stringLinker.hs\ncd $DERIVED_FILE_DIR\n$PROJECT_DIR/StringLinker/stringLinker -i $INPUT_FILE_PATH\n";
		};
/* End PBXBuildRule section */

/* Begin PBXFileReference section */
		684AFE56217A5CAB0076F213 /* NSFunction.h */ = {isa = PBXFileReference; lastKnownFileType = sourcecode.c.h; name = NSFunction.h; path = src/CppStep/src/NSFunction.h; sourceTree = SOURCE_ROOT; };
		684AFE57217A5CAB0076F213 /* NSFunction.mm */ = {isa = PBXFileReference; lastKnownFileType = sourcecode.cpp.objcpp; name = NSFunction.mm; path = src/CppStep/src/NSFunction.mm; sourceTree = SOURCE_ROOT; };
		684AFE59217A6C500076F213 /* NSUndoManager.h */ = {isa = PBXFileReference; lastKnownFileType = sourcecode.c.h; name = NSUndoManager.h; path = src/CppStep/src/NSUndoManager.h; sourceTree = SOURCE_ROOT; };
		684AFE5A217A6C500076F213 /* NSUndoManager.m */ = {isa = PBXFileReference; lastKnownFileType = sourcecode.c.objc; name = NSUndoManager.m; path = src/CppStep/src/NSUndoManager.m; sourceTree = SOURCE_ROOT; };
		684AFE5C217BA47D0076F213 /* UpdateCheck.hpp */ = {isa = PBXFileReference; fileEncoding = 4; lastKnownFileType = sourcecode.cpp.h; path = UpdateCheck.hpp; sourceTree = "<group>"; };
		684AFE5D217BA47D0076F213 /* UpdateCheck.cpp */ = {isa = PBXFileReference; fileEncoding = 4; lastKnownFileType = sourcecode.cpp.cpp; path = UpdateCheck.cpp; sourceTree = "<group>"; };
		684AFE5F217BCA890076F213 /* CSDialog.cpp */ = {isa = PBXFileReference; fileEncoding = 4; lastKnownFileType = sourcecode.cpp.cpp; name = CSDialog.cpp; path = src/CppStep/src/CSDialog.cpp; sourceTree = SOURCE_ROOT; };
		684AFE60217BCA890076F213 /* CSDialog.hpp */ = {isa = PBXFileReference; fileEncoding = 4; lastKnownFileType = sourcecode.cpp.h; name = CSDialog.hpp; path = src/CppStep/src/CSDialog.hpp; sourceTree = SOURCE_ROOT; };
		6862EAA020A50C7600C41D9D /* about.txt */ = {isa = PBXFileReference; lastKnownFileType = text; path = about.txt; sourceTree = "<group>"; };
		686A93CF1E4D291B002C7ED1 /* VDJartnet.bundle */ = {isa = PBXFileReference; explicitFileType = wrapper.cfbundle; includeInIndex = 0; path = VDJartnet.bundle; sourceTree = BUILT_PRODUCTS_DIR; };
		686A93D21E4D291B002C7ED1 /* Info.plist */ = {isa = PBXFileReference; lastKnownFileType = text.plist.xml; path = Info.plist; sourceTree = "<group>"; };
		68873C622181EB3F007FF342 /* NSPair.mm */ = {isa = PBXFileReference; fileEncoding = 4; lastKnownFileType = sourcecode.cpp.objcpp; name = NSPair.mm; path = src/CppStep/src/NSPair.mm; sourceTree = SOURCE_ROOT; };
		68873C632181EB40007FF342 /* NSPair.h */ = {isa = PBXFileReference; fileEncoding = 4; lastKnownFileType = sourcecode.c.h; name = NSPair.h; path = src/CppStep/src/NSPair.h; sourceTree = SOURCE_ROOT; };
		689F8B0F215E767D00728F5F /* CSNSUndoManager.cpp */ = {isa = PBXFileReference; lastKnownFileType = sourcecode.cpp.cpp; name = CSNSUndoManager.cpp; path = src/CppStep/src/CSNSUndoManager.cpp; sourceTree = SOURCE_ROOT; };
		68B7392D215BEA230027098B /* ConfigWindow.hpp */ = {isa = PBXFileReference; fileEncoding = 4; lastKnownFileType = sourcecode.cpp.h; path = ConfigWindow.hpp; sourceTree = "<group>"; };
		68B7392E215BEA230027098B /* ConfigPresetDataSource.hpp */ = {isa = PBXFileReference; fileEncoding = 4; lastKnownFileType = sourcecode.cpp.h; path = ConfigPresetDataSource.hpp; sourceTree = "<group>"; };
		68B7392F215BEA230027098B /* ConfigDataSource.hpp */ = {isa = PBXFileReference; fileEncoding = 4; lastKnownFileType = sourcecode.cpp.h; path = ConfigDataSource.hpp; sourceTree = "<group>"; };
		68B73930215BEA230027098B /* ConfigPresetWindow.cpp */ = {isa = PBXFileReference; fileEncoding = 4; lastKnownFileType = sourcecode.cpp.cpp; path = ConfigPresetWindow.cpp; sourceTree = "<group>"; };
		68B73931215BEA240027098B /* ConfigPresetWindow.hpp */ = {isa = PBXFileReference; fileEncoding = 4; lastKnownFileType = sourcecode.cpp.h; path = ConfigPresetWindow.hpp; sourceTree = "<group>"; };
		68B73932215BEA240027098B /* ConfigWindow.cpp */ = {isa = PBXFileReference; fileEncoding = 4; lastKnownFileType = sourcecode.cpp.cpp; path = ConfigWindow.cpp; sourceTree = "<group>"; };
		68B73935215BEBD20027098B /* CSNSTableViewDataSource.mm */ = {isa = PBXFileReference; fileEncoding = 4; lastKnownFileType = sourcecode.cpp.objcpp; name = CSNSTableViewDataSource.mm; path = src/CppStep/src/CSNSTableViewDataSource.mm; sourceTree = SOURCE_ROOT; };
		68B73936215BEBD20027098B /* CSTextField.cpp */ = {isa = PBXFileReference; fileEncoding = 4; lastKnownFileType = sourcecode.cpp.cpp; name = CSTextField.cpp; path = src/CppStep/src/CSTextField.cpp; sourceTree = SOURCE_ROOT; };
		68B73937215BEBD20027098B /* CSView.hpp */ = {isa = PBXFileReference; fileEncoding = 4; lastKnownFileType = sourcecode.cpp.h; name = CSView.hpp; path = src/CppStep/src/CSView.hpp; sourceTree = SOURCE_ROOT; };
		68B73938215BEBD20027098B /* CSTableViewDataSource.hpp */ = {isa = PBXFileReference; fileEncoding = 4; lastKnownFileType = sourcecode.cpp.h; name = CSTableViewDataSource.hpp; path = src/CppStep/src/CSTableViewDataSource.hpp; sourceTree = SOURCE_ROOT; };
		68B73939215BEBD20027098B /* CSSuperView.hpp */ = {isa = PBXFileReference; fileEncoding = 4; lastKnownFileType = sourcecode.cpp.h; name = CSSuperView.hpp; path = src/CppStep/src/CSSuperView.hpp; sourceTree = SOURCE_ROOT; };
		68B7393B215BEBD20027098B /* CSApp.hpp */ = {isa = PBXFileReference; fileEncoding = 4; lastKnownFileType = sourcecode.cpp.h; name = CSApp.hpp; path = src/CppStep/src/CSApp.hpp; sourceTree = SOURCE_ROOT; };
		68B7393C215BEBD20027098B /* CSRect.hpp */ = {isa = PBXFileReference; fileEncoding = 4; lastKnownFileType = sourcecode.cpp.h; name = CSRect.hpp; path = src/CppStep/src/CSRect.hpp; sourceTree = SOURCE_ROOT; };
		68B7393E215BEBD20027098B /* NSRange.h */ = {isa = PBXFileReference; fileEncoding = 4; lastKnownFileType = sourcecode.c.h; name = NSRange.h; path = src/CppStep/src/NSRange.h; sourceTree = SOURCE_ROOT; };
		68B7393F215BEBD20027098B /* NSWindow.mm */ = {isa = PBXFileReference; fileEncoding = 4; lastKnownFileType = sourcecode.cpp.objcpp; name = NSWindow.mm; path = src/CppStep/src/NSWindow.mm; sourceTree = SOURCE_ROOT; };
		68B73940215BEBD20027098B /* NSDictionary.mm */ = {isa = PBXFileReference; fileEncoding = 4; lastKnownFileType = sourcecode.cpp.objcpp; name = NSDictionary.mm; path = src/CppStep/src/NSDictionary.mm; sourceTree = SOURCE_ROOT; };
		68B73941215BEBD20027098B /* CSTextField.hpp */ = {isa = PBXFileReference; fileEncoding = 4; lastKnownFileType = sourcecode.cpp.h; name = CSTextField.hpp; path = src/CppStep/src/CSTextField.hpp; sourceTree = SOURCE_ROOT; };
		68B73942215BEBD20027098B /* CSUndoManager.hpp */ = {isa = PBXFileReference; fileEncoding = 4; lastKnownFileType = sourcecode.cpp.h; name = CSUndoManager.hpp; path = src/CppStep/src/CSUndoManager.hpp; sourceTree = SOURCE_ROOT; };
		68B73943215BEBD30027098B /* CSView.cpp */ = {isa = PBXFileReference; fileEncoding = 4; lastKnownFileType = sourcecode.cpp.cpp; name = CSView.cpp; path = src/CppStep/src/CSView.cpp; sourceTree = SOURCE_ROOT; };
		68B73945215BEBD30027098B /* CSWindow.hpp */ = {isa = PBXFileReference; fileEncoding = 4; lastKnownFileType = sourcecode.cpp.h; name = CSWindow.hpp; path = src/CppStep/src/CSWindow.hpp; sourceTree = SOURCE_ROOT; };
		68B73946215BEBD30027098B /* NSAttributedString.mm */ = {isa = PBXFileReference; fileEncoding = 4; lastKnownFileType = sourcecode.cpp.objcpp; name = NSAttributedString.mm; path = src/CppStep/src/NSAttributedString.mm; sourceTree = SOURCE_ROOT; };
		68B73947215BEBD30027098B /* CSMenu.hpp */ = {isa = PBXFileReference; fileEncoding = 4; lastKnownFileType = sourcecode.cpp.h; name = CSMenu.hpp; path = src/CppStep/src/CSMenu.hpp; sourceTree = SOURCE_ROOT; };
		68B73948215BEBD30027098B /* CSClipboard.hpp */ = {isa = PBXFileReference; fileEncoding = 4; lastKnownFileType = sourcecode.cpp.h; name = CSClipboard.hpp; path = src/CppStep/src/CSClipboard.hpp; sourceTree = SOURCE_ROOT; };
		68B7394A215BEBD30027098B /* CSWebView.hpp */ = {isa = PBXFileReference; fileEncoding = 4; lastKnownFileType = sourcecode.cpp.h; name = CSWebView.hpp; path = src/CppStep/src/CSWebView.hpp; sourceTree = SOURCE_ROOT; };
		68B7394B215BEBD30027098B /* NSTextField.h */ = {isa = PBXFileReference; fileEncoding = 4; lastKnownFileType = sourcecode.c.h; name = NSTextField.h; path = src/CppStep/src/NSTextField.h; sourceTree = SOURCE_ROOT; };
		68B7394C215BEBD30027098B /* CSTableView.hpp */ = {isa = PBXFileReference; fileEncoding = 4; lastKnownFileType = sourcecode.cpp.h; name = CSTableView.hpp; path = src/CppStep/src/CSTableView.hpp; sourceTree = SOURCE_ROOT; };
		68B7394D215BEBD30027098B /* CSNSTableViewDataSource.h */ = {isa = PBXFileReference; fileEncoding = 4; lastKnownFileType = sourcecode.c.h; name = CSNSTableViewDataSource.h; path = src/CppStep/src/CSNSTableViewDataSource.h; sourceTree = SOURCE_ROOT; };
		68B7394F215BEBD30027098B /* NSDictionary.h */ = {isa = PBXFileReference; fileEncoding = 4; lastKnownFileType = sourcecode.c.h; name = NSDictionary.h; path = src/CppStep/src/NSDictionary.h; sourceTree = SOURCE_ROOT; };
		68B73950215BEBD30027098B /* CSMenu.cpp */ = {isa = PBXFileReference; fileEncoding = 4; lastKnownFileType = sourcecode.cpp.cpp; name = CSMenu.cpp; path = src/CppStep/src/CSMenu.cpp; sourceTree = SOURCE_ROOT; };
		68B73952215BEBD30027098B /* CSKeyCode.hpp */ = {isa = PBXFileReference; fileEncoding = 4; lastKnownFileType = sourcecode.cpp.h; name = CSKeyCode.hpp; path = src/CppStep/src/CSKeyCode.hpp; sourceTree = SOURCE_ROOT; };
		68B73953215BEBD30027098B /* CSAlignView.hpp */ = {isa = PBXFileReference; fileEncoding = 4; lastKnownFileType = sourcecode.cpp.h; name = CSAlignView.hpp; path = src/CppStep/src/CSAlignView.hpp; sourceTree = SOURCE_ROOT; };
		68B73955215BEBD40027098B /* CSTableView.cpp */ = {isa = PBXFileReference; fileEncoding = 4; lastKnownFileType = sourcecode.cpp.cpp; name = CSTableView.cpp; path = src/CppStep/src/CSTableView.cpp; sourceTree = SOURCE_ROOT; };
		68B73957215BEBD40027098B /* CSRange.hpp */ = {isa = PBXFileReference; fileEncoding = 4; lastKnownFileType = sourcecode.cpp.h; name = CSRange.hpp; path = src/CppStep/src/CSRange.hpp; sourceTree = SOURCE_ROOT; };
		68B73958215BEBD40027098B /* CSWebView.cpp */ = {isa = PBXFileReference; fileEncoding = 4; lastKnownFileType = sourcecode.cpp.cpp; name = CSWebView.cpp; path = src/CppStep/src/CSWebView.cpp; sourceTree = SOURCE_ROOT; };
		68B73959215BEBD40027098B /* CSAttributedString.cpp */ = {isa = PBXFileReference; fileEncoding = 4; lastKnownFileType = sourcecode.cpp.cpp; name = CSAttributedString.cpp; path = src/CppStep/src/CSAttributedString.cpp; sourceTree = SOURCE_ROOT; };
		68B7395A215BEBD40027098B /* CSWindow.cpp */ = {isa = PBXFileReference; fileEncoding = 4; lastKnownFileType = sourcecode.cpp.cpp; name = CSWindow.cpp; path = src/CppStep/src/CSWindow.cpp; sourceTree = SOURCE_ROOT; };
		68B7395B215BEBD40027098B /* CSAlignView.cpp */ = {isa = PBXFileReference; fileEncoding = 4; lastKnownFileType = sourcecode.cpp.cpp; name = CSAlignView.cpp; path = src/CppStep/src/CSAlignView.cpp; sourceTree = SOURCE_ROOT; };
		68B7395C215BEBD40027098B /* CSCore.hpp */ = {isa = PBXFileReference; fileEncoding = 4; lastKnownFileType = sourcecode.cpp.h; name = CSCore.hpp; path = src/CppStep/src/CSCore.hpp; sourceTree = SOURCE_ROOT; };
		68B7395D215BEBD40027098B /* CSLabel.hpp */ = {isa = PBXFileReference; fileEncoding = 4; lastKnownFileType = sourcecode.cpp.h; name = CSLabel.hpp; path = src/CppStep/src/CSLabel.hpp; sourceTree = SOURCE_ROOT; };
		68B7395E215BEBD40027098B /* NSTextField.mm */ = {isa = PBXFileReference; fileEncoding = 4; lastKnownFileType = sourcecode.cpp.objcpp; name = NSTextField.mm; path = src/CppStep/src/NSTextField.mm; sourceTree = SOURCE_ROOT; };
		68B7395F215BEBD40027098B /* NSWindow.h */ = {isa = PBXFileReference; fileEncoding = 4; lastKnownFileType = sourcecode.c.h; name = NSWindow.h; path = src/CppStep/src/NSWindow.h; sourceTree = SOURCE_ROOT; };
		68B73960215BEBD40027098B /* CSSuperView.cpp */ = {isa = PBXFileReference; fileEncoding = 4; lastKnownFileType = sourcecode.cpp.cpp; name = CSSuperView.cpp; path = src/CppStep/src/CSSuperView.cpp; sourceTree = SOURCE_ROOT; };
		68B73961215BEBD40027098B /* NSAttributedString.h */ = {isa = PBXFileReference; fileEncoding = 4; lastKnownFileType = sourcecode.c.h; name = NSAttributedString.h; path = src/CppStep/src/NSAttributedString.h; sourceTree = SOURCE_ROOT; };
		68B73962215BEBD40027098B /* CSLabel.cpp */ = {isa = PBXFileReference; fileEncoding = 4; lastKnownFileType = sourcecode.cpp.cpp; name = CSLabel.cpp; path = src/CppStep/src/CSLabel.cpp; sourceTree = SOURCE_ROOT; };
		68B73963215BEBD50027098B /* CSAttributedString.hpp */ = {isa = PBXFileReference; fileEncoding = 4; lastKnownFileType = sourcecode.cpp.h; name = CSAttributedString.hpp; path = src/CppStep/src/CSAttributedString.hpp; sourceTree = SOURCE_ROOT; };
		68B73964215BEBD50027098B /* CSUndoManager.cpp */ = {isa = PBXFileReference; fileEncoding = 4; lastKnownFileType = sourcecode.cpp.cpp; name = CSUndoManager.cpp; path = src/CppStep/src/CSUndoManager.cpp; sourceTree = SOURCE_ROOT; };
		68B73965215BEBD50027098B /* NSRange.mm */ = {isa = PBXFileReference; fileEncoding = 4; lastKnownFileType = sourcecode.cpp.objcpp; name = NSRange.mm; path = src/CppStep/src/NSRange.mm; sourceTree = SOURCE_ROOT; };
		68B73966215BEBD50027098B /* CSClipboard.cpp */ = {isa = PBXFileReference; fileEncoding = 4; lastKnownFileType = sourcecode.cpp.cpp; name = CSClipboard.cpp; path = src/CppStep/src/CSClipboard.cpp; sourceTree = SOURCE_ROOT; };
		68B73967215BEBD50027098B /* CSArbitraryView.hpp */ = {isa = PBXFileReference; fileEncoding = 4; lastKnownFileType = sourcecode.cpp.h; name = CSArbitraryView.hpp; path = src/CppStep/src/CSArbitraryView.hpp; sourceTree = SOURCE_ROOT; };
		68B7397E215C01670027098B /* NSString.h */ = {isa = PBXFileReference; lastKnownFileType = sourcecode.c.h; name = NSString.h; path = src/CppStep/src/NSString.h; sourceTree = SOURCE_ROOT; };
		68B7397F215C01670027098B /* NSString.mm */ = {isa = PBXFileReference; lastKnownFileType = sourcecode.cpp.objcpp; name = NSString.mm; path = src/CppStep/src/NSString.mm; sourceTree = SOURCE_ROOT; };
		68B73981215C06280027098B /* Foundation.framework */ = {isa = PBXFileReference; lastKnownFileType = wrapper.framework; name = Foundation.framework; path = System/Library/Frameworks/Foundation.framework; sourceTree = SDKROOT; };
		68B73983215C062F0027098B /* WebKit.framework */ = {isa = PBXFileReference; lastKnownFileType = wrapper.framework; name = WebKit.framework; path = System/Library/Frameworks/WebKit.framework; sourceTree = SDKROOT; };
		68B73986215D1A670027098B /* CSThread.hpp */ = {isa = PBXFileReference; fileEncoding = 4; lastKnownFileType = sourcecode.cpp.h; name = CSThread.hpp; path = src/CppStep/src/CSThread.hpp; sourceTree = SOURCE_ROOT; };
		68B73988215D1A770027098B /* CSApp.cpp */ = {isa = PBXFileReference; fileEncoding = 4; lastKnownFileType = sourcecode.cpp.cpp; name = CSApp.cpp; path = src/CppStep/src/CSApp.cpp; sourceTree = SOURCE_ROOT; };
		68B7398A215D1C3A0027098B /* CSThread.cpp */ = {isa = PBXFileReference; fileEncoding = 4; lastKnownFileType = sourcecode.cpp.cpp; name = CSThread.cpp; path = src/CppStep/src/CSThread.cpp; sourceTree = SOURCE_ROOT; };
		68B8DB5B20267B8600449F10 /* Localizable.strings */ = {isa = PBXFileReference; fileEncoding = 4; lastKnownFileType = text.plist.strings; path = Localizable.strings; sourceTree = "<group>"; };
		68C4F73E1EACE18B007C4A7D /* AppKit.framework */ = {isa = PBXFileReference; lastKnownFileType = wrapper.framework; name = AppKit.framework; path = System/Library/Frameworks/AppKit.framework; sourceTree = SDKROOT; };
		68CF2381209F406F0072437B /* Artnet.hpp */ = {isa = PBXFileReference; lastKnownFileType = sourcecode.cpp.h; path = Artnet.hpp; sourceTree = "<group>"; };
		68CF2386209F406F0072437B /* Socket.cpp */ = {isa = PBXFileReference; lastKnownFileType = sourcecode.cpp.cpp; path = Socket.cpp; sourceTree = "<group>"; };
		68CF2389209F406F0072437B /* VDJartnet.hpp */ = {isa = PBXFileReference; lastKnownFileType = sourcecode.cpp.h; path = VDJartnet.hpp; sourceTree = "<group>"; };
		68CF238B209F406F0072437B /* Config.hpp */ = {isa = PBXFileReference; lastKnownFileType = sourcecode.cpp.h; path = Config.hpp; sourceTree = "<group>"; };
		68CF2391209F406F0072437B /* Socket.hpp */ = {isa = PBXFileReference; lastKnownFileType = sourcecode.cpp.h; path = Socket.hpp; sourceTree = "<group>"; };
		68CF2395209F406F0072437B /* VDJartnet.cpp */ = {isa = PBXFileReference; lastKnownFileType = sourcecode.cpp.cpp; path = VDJartnet.cpp; sourceTree = "<group>"; };
		68CF2396209F406F0072437B /* Config.cpp */ = {isa = PBXFileReference; explicitFileType = sourcecode.cpp.cpp; path = Config.cpp; sourceTree = "<group>"; };
		68CF239B209F406F0072437B /* vdjPlugin8.h */ = {isa = PBXFileReference; lastKnownFileType = sourcecode.c.h; path = vdjPlugin8.h; sourceTree = "<group>"; };
		68CF239E209F406F0072437B /* Artnet.cpp */ = {isa = PBXFileReference; lastKnownFileType = sourcecode.cpp.cpp; path = Artnet.cpp; sourceTree = "<group>"; };
		68CF23A1209F406F0072437B /* main.cpp */ = {isa = PBXFileReference; lastKnownFileType = sourcecode.cpp.cpp; path = main.cpp; sourceTree = "<group>"; };
		68CF23A5209F406F0072437B /* defaultPresets.txt */ = {isa = PBXFileReference; lastKnownFileType = text; path = defaultPresets.txt; sourceTree = "<group>"; };
		68F9E84E1F981DAA002F8CEF /* ReadmeDlg.wxs */ = {isa = PBXFileReference; fileEncoding = 4; lastKnownFileType = text.xml; path = ReadmeDlg.wxs; sourceTree = "<group>"; };
		68F9E84F1F981DAE002F8CEF /* buildPackageWin.bat */ = {isa = PBXFileReference; fileEncoding = 4; lastKnownFileType = text; path = buildPackageWin.bat; sourceTree = "<group>"; };
		68F9E8501F981DAE002F8CEF /* buildPackageMac.sh */ = {isa = PBXFileReference; fileEncoding = 4; lastKnownFileType = text.script.sh; path = buildPackageMac.sh; sourceTree = "<group>"; };
		68F9E8511F981DAE002F8CEF /* distributionTransformMac.xsl */ = {isa = PBXFileReference; fileEncoding = 4; lastKnownFileType = text.xml; path = distributionTransformMac.xsl; sourceTree = "<group>"; };
		68F9E8521F981DAF002F8CEF /* winInstaller.wxs */ = {isa = PBXFileReference; fileEncoding = 4; lastKnownFileType = text.xml; path = winInstaller.wxs; sourceTree = "<group>"; };
		68F9E85F1F981E0F002F8CEF /* VDJartnet.plist */ = {isa = PBXFileReference; fileEncoding = 4; lastKnownFileType = text.plist.xml; path = VDJartnet.plist; sourceTree = "<group>"; };
/* End PBXFileReference section */

/* Begin PBXFrameworksBuildPhase section */
		686A93CC1E4D2919002C7ED1 /* Frameworks */ = {
			isa = PBXFrameworksBuildPhase;
			buildActionMask = 2147483647;
			files = (
				68B73982215C06280027098B /* Foundation.framework in Frameworks */,
				68C4F73F1EACE18B007C4A7D /* AppKit.framework in Frameworks */,
				68B73984215C062F0027098B /* WebKit.framework in Frameworks */,
			);
			runOnlyForDeploymentPostprocessing = 0;
		};
/* End PBXFrameworksBuildPhase section */

/* Begin PBXGroup section */
		686A93C61E4D2919002C7ED1 = {
			isa = PBXGroup;
			children = (
				686A93D11E4D291B002C7ED1 /* VDJartnet */,
				68F9E85E1F981DC5002F8CEF /* Installers */,
				686A93D01E4D291B002C7ED1 /* Products */,
				686A93E41E4E57FD002C7ED1 /* Frameworks */,
			);
			sourceTree = "<group>";
		};
		686A93D01E4D291B002C7ED1 /* Products */ = {
			isa = PBXGroup;
			children = (
				686A93CF1E4D291B002C7ED1 /* VDJartnet.bundle */,
			);
			name = Products;
			sourceTree = "<group>";
		};
		686A93D11E4D291B002C7ED1 /* VDJartnet */ = {
			isa = PBXGroup;
			children = (
				68CF23A7209F406F0072437B /* src */,
				686A93D21E4D291B002C7ED1 /* Info.plist */,
				68B8DB5B20267B8600449F10 /* Localizable.strings */,
			);
			name = VDJartnet;
			sourceTree = "<group>";
		};
		686A93E41E4E57FD002C7ED1 /* Frameworks */ = {
			isa = PBXGroup;
			children = (
				68B73983215C062F0027098B /* WebKit.framework */,
				68B73981215C06280027098B /* Foundation.framework */,
				68C4F73E1EACE18B007C4A7D /* AppKit.framework */,
			);
			name = Frameworks;
			sourceTree = "<group>";
		};
		68B738EC215BE9970027098B /* src */ = {
			isa = PBXGroup;
			children = (
				68B7395B215BEBD40027098B /* CSAlignView.cpp */,
				68B73953215BEBD30027098B /* CSAlignView.hpp */,
				68B73988215D1A770027098B /* CSApp.cpp */,
				68B7393B215BEBD20027098B /* CSApp.hpp */,
				68B73967215BEBD50027098B /* CSArbitraryView.hpp */,
				68B73959215BEBD40027098B /* CSAttributedString.cpp */,
				68B73963215BEBD50027098B /* CSAttributedString.hpp */,
				68B73966215BEBD50027098B /* CSClipboard.cpp */,
				68B73948215BEBD30027098B /* CSClipboard.hpp */,
				68B7395C215BEBD40027098B /* CSCore.hpp */,
				684AFE5F217BCA890076F213 /* CSDialog.cpp */,
				684AFE60217BCA890076F213 /* CSDialog.hpp */,
				68B73952215BEBD30027098B /* CSKeyCode.hpp */,
				68B73962215BEBD40027098B /* CSLabel.cpp */,
				68B7395D215BEBD40027098B /* CSLabel.hpp */,
				68B73950215BEBD30027098B /* CSMenu.cpp */,
				68B73947215BEBD30027098B /* CSMenu.hpp */,
				68B7394D215BEBD30027098B /* CSNSTableViewDataSource.h */,
				68B73935215BEBD20027098B /* CSNSTableViewDataSource.mm */,
				68B73957215BEBD40027098B /* CSRange.hpp */,
				68B7393C215BEBD20027098B /* CSRect.hpp */,
				68B73960215BEBD40027098B /* CSSuperView.cpp */,
				68B73939215BEBD20027098B /* CSSuperView.hpp */,
				68B73955215BEBD40027098B /* CSTableView.cpp */,
				68B7394C215BEBD30027098B /* CSTableView.hpp */,
				68B73938215BEBD20027098B /* CSTableViewDataSource.hpp */,
				68B73936215BEBD20027098B /* CSTextField.cpp */,
				68B73941215BEBD20027098B /* CSTextField.hpp */,
				68B7398A215D1C3A0027098B /* CSThread.cpp */,
				68B73986215D1A670027098B /* CSThread.hpp */,
				68B73964215BEBD50027098B /* CSUndoManager.cpp */,
				68B73942215BEBD20027098B /* CSUndoManager.hpp */,
				689F8B0F215E767D00728F5F /* CSNSUndoManager.cpp */,
				68B73943215BEBD30027098B /* CSView.cpp */,
				68B73937215BEBD20027098B /* CSView.hpp */,
				68B73958215BEBD40027098B /* CSWebView.cpp */,
				68B7394A215BEBD30027098B /* CSWebView.hpp */,
				68B7395A215BEBD40027098B /* CSWindow.cpp */,
				68B73945215BEBD30027098B /* CSWindow.hpp */,
				68B73961215BEBD40027098B /* NSAttributedString.h */,
				68B73946215BEBD30027098B /* NSAttributedString.mm */,
				68B7394F215BEBD30027098B /* NSDictionary.h */,
				68B73940215BEBD20027098B /* NSDictionary.mm */,
				68B7393E215BEBD20027098B /* NSRange.h */,
				68B73965215BEBD50027098B /* NSRange.mm */,
				68B7394B215BEBD30027098B /* NSTextField.h */,
				68B7395E215BEBD40027098B /* NSTextField.mm */,
				68B7395F215BEBD40027098B /* NSWindow.h */,
				68B7393F215BEBD20027098B /* NSWindow.mm */,
				68B7397E215C01670027098B /* NSString.h */,
				68B7397F215C01670027098B /* NSString.mm */,
				684AFE56217A5CAB0076F213 /* NSFunction.h */,
				684AFE57217A5CAB0076F213 /* NSFunction.mm */,
				68873C632181EB40007FF342 /* NSPair.h */,
				68873C622181EB3F007FF342 /* NSPair.mm */,
				684AFE59217A6C500076F213 /* NSUndoManager.h */,
				684AFE5A217A6C500076F213 /* NSUndoManager.m */,
			);
			path = src;
			sourceTree = "<group>";
		};
		68B73919215BE9B40027098B /* CppStep */ = {
			isa = PBXGroup;
			children = (
				68B738EC215BE9970027098B /* src */,
			);
			name = CppStep;
			path = "New Group";
			sourceTree = "<group>";
		};
		68CF23A7209F406F0072437B /* src */ = {
			isa = PBXGroup;
			children = (
				6862EAA020A50C7600C41D9D /* about.txt */,
				68CF239B209F406F0072437B /* vdjPlugin8.h */,
				68B73919215BE9B40027098B /* CppStep */,
				68CF239E209F406F0072437B /* Artnet.cpp */,
				68CF2381209F406F0072437B /* Artnet.hpp */,
				68CF2396209F406F0072437B /* Config.cpp */,
				68CF238B209F406F0072437B /* Config.hpp */,
				68CF23A1209F406F0072437B /* main.cpp */,
				68CF23A5209F406F0072437B /* defaultPresets.txt */,
				68CF2386209F406F0072437B /* Socket.cpp */,
				68CF2391209F406F0072437B /* Socket.hpp */,
				68CF2395209F406F0072437B /* VDJartnet.cpp */,
				68CF2389209F406F0072437B /* VDJartnet.hpp */,
				68B7392E215BEA230027098B /* ConfigPresetDataSource.hpp */,
				68B73930215BEA230027098B /* ConfigPresetWindow.cpp */,
				68B73931215BEA240027098B /* ConfigPresetWindow.hpp */,
				68B7392F215BEA230027098B /* ConfigDataSource.hpp */,
				68B73932215BEA240027098B /* ConfigWindow.cpp */,
				68B7392D215BEA230027098B /* ConfigWindow.hpp */,
				684AFE5D217BA47D0076F213 /* UpdateCheck.cpp */,
				684AFE5C217BA47D0076F213 /* UpdateCheck.hpp */,
			);
			path = src;
			sourceTree = "<group>";
		};
		68F9E85E1F981DC5002F8CEF /* Installers */ = {
			isa = PBXGroup;
			children = (
				68F9E8501F981DAE002F8CEF /* buildPackageMac.sh */,
				68F9E8511F981DAE002F8CEF /* distributionTransformMac.xsl */,
				68F9E85F1F981E0F002F8CEF /* VDJartnet.plist */,
				68F9E84F1F981DAE002F8CEF /* buildPackageWin.bat */,
				68F9E8521F981DAF002F8CEF /* winInstaller.wxs */,
				68F9E84E1F981DAA002F8CEF /* ReadmeDlg.wxs */,
			);
			name = Installers;
			sourceTree = "<group>";
		};
/* End PBXGroup section */

/* Begin PBXNativeTarget section */
		686A93CE1E4D2919002C7ED1 /* VDJartnet */ = {
			isa = PBXNativeTarget;
			buildConfigurationList = 686A93D51E4D291B002C7ED1 /* Build configuration list for PBXNativeTarget "VDJartnet" */;
			buildPhases = (
				686A93CB1E4D2919002C7ED1 /* Sources */,
				686A93CC1E4D2919002C7ED1 /* Frameworks */,
				686A93CD1E4D2919002C7ED1 /* Resources */,
			);
			buildRules = (
				68C4D4CC2197762A00C11C73 /* PBXBuildRule */,
			);
			dependencies = (
			);
			name = VDJartnet;
			productName = VDJartnet;
			productReference = 686A93CF1E4D291B002C7ED1 /* VDJartnet.bundle */;
			productType = "com.apple.product-type.bundle";
		};
/* End PBXNativeTarget section */

/* Begin PBXProject section */
		686A93C71E4D2919002C7ED1 /* Project object */ = {
			isa = PBXProject;
			attributes = {
				LastUpgradeCheck = 0930;
				ORGANIZATIONNAME = "Jonathan Tanner";
				TargetAttributes = {
					686A93CE1E4D2919002C7ED1 = {
						CreatedOnToolsVersion = 8.2.1;
						ProvisioningStyle = Automatic;
					};
				};
			};
			buildConfigurationList = 686A93CA1E4D2919002C7ED1 /* Build configuration list for PBXProject "VDJartnet" */;
			compatibilityVersion = "Xcode 3.2";
			developmentRegion = English;
			hasScannedForEncodings = 0;
			knownRegions = (
				en,
			);
			mainGroup = 686A93C61E4D2919002C7ED1;
			productRefGroup = 686A93D01E4D291B002C7ED1 /* Products */;
			projectDirPath = "";
			projectRoot = "";
			targets = (
				686A93CE1E4D2919002C7ED1 /* VDJartnet */,
			);
		};
/* End PBXProject section */

/* Begin PBXResourcesBuildPhase section */
		686A93CD1E4D2919002C7ED1 /* Resources */ = {
			isa = PBXResourcesBuildPhase;
			buildActionMask = 2147483647;
			files = (
				68F9E8621F981E11002F8CEF /* VDJartnet.plist in Resources */,
				68B8DB5C20267B8600449F10 /* Localizable.strings in Resources */,
			);
			runOnlyForDeploymentPostprocessing = 0;
		};
/* End PBXResourcesBuildPhase section */

/* Begin PBXSourcesBuildPhase section */
		686A93CB1E4D2919002C7ED1 /* Sources */ = {
			isa = PBXSourcesBuildPhase;
			buildActionMask = 2147483647;
			files = (
				68C4D4CD2197772600C11C73 /* defaultPresets.txt in Sources */,
				68B73978215BEBD50027098B /* NSTextField.mm in Sources */,
				684AFE5E217BA47D0076F213 /* UpdateCheck.cpp in Sources */,
				68873C642181EB40007FF342 /* NSPair.mm in Sources */,
				68B7396A215BEBD50027098B /* NSWindow.mm in Sources */,
				68B73934215BEA240027098B /* ConfigWindow.cpp in Sources */,
				68B73971215BEBD50027098B /* CSMenu.cpp in Sources */,
				68B7397D215BEBD50027098B /* CSClipboard.cpp in Sources */,
				68B7397B215BEBD50027098B /* CSUndoManager.cpp in Sources */,
				68B73933215BEA240027098B /* ConfigPresetWindow.cpp in Sources */,
				68B73974215BEBD50027098B /* CSWebView.cpp in Sources */,
				68CF23A9209F41030072437B /* Artnet.cpp in Sources */,
				68CF23AA209F41030072437B /* Config.cpp in Sources */,
				68B73976215BEBD50027098B /* CSWindow.cpp in Sources */,
				68B7398B215D1C3A0027098B /* CSThread.cpp in Sources */,
				68B73969215BEBD50027098B /* CSTextField.cpp in Sources */,
				684AFE61217BCA890076F213 /* CSDialog.cpp in Sources */,
				68CF23B4209F41030072437B /* main.cpp in Sources */,
				68CF23B5209F41030072437B /* Socket.cpp in Sources */,
				68B73973215BEBD50027098B /* CSTableView.cpp in Sources */,
				684AFE5B217A6C500076F213 /* NSUndoManager.m in Sources */,
				68B73979215BEBD50027098B /* CSSuperView.cpp in Sources */,
				68B7396C215BEBD50027098B /* CSView.cpp in Sources */,
				68B7396E215BEBD50027098B /* NSAttributedString.mm in Sources */,
				689F8B10215E767D00728F5F /* CSNSUndoManager.cpp in Sources */,
				68B73980215C01670027098B /* NSString.mm in Sources */,
				68CF23B6209F41030072437B /* VDJartnet.cpp in Sources */,
				68B7397C215BEBD50027098B /* NSRange.mm in Sources */,
				68B7396B215BEBD50027098B /* NSDictionary.mm in Sources */,
				684AFE58217A5CAB0076F213 /* NSFunction.mm in Sources */,
				68B7397A215BEBD50027098B /* CSLabel.cpp in Sources */,
				68B73977215BEBD50027098B /* CSAlignView.cpp in Sources */,
				68B73989215D1A770027098B /* CSApp.cpp in Sources */,
				68B73968215BEBD50027098B /* CSNSTableViewDataSource.mm in Sources */,
				68B73975215BEBD50027098B /* CSAttributedString.cpp in Sources */,
			);
			runOnlyForDeploymentPostprocessing = 0;
		};
/* End PBXSourcesBuildPhase section */

/* Begin XCBuildConfiguration section */
		686A93D31E4D291B002C7ED1 /* Debug */ = {
			isa = XCBuildConfiguration;
			buildSettings = {
				CLANG_ANALYZER_LOCALIZABILITY_EMPTY_CONTEXT = YES;
				CLANG_ANALYZER_LOCALIZABILITY_NONLOCALIZED = YES;
				CLANG_ANALYZER_NONNULL = YES;
				CLANG_ANALYZER_SECURITY_FLOATLOOPCOUNTER = YES;
				CLANG_ANALYZER_SECURITY_INSECUREAPI_RAND = YES;
				CLANG_ANALYZER_SECURITY_INSECUREAPI_STRCPY = YES;
				CLANG_ENABLE_OBJC_ARC = YES;
				CLANG_UNDEFINED_BEHAVIOR_SANITIZER_INTEGER = YES;
				CLANG_UNDEFINED_BEHAVIOR_SANITIZER_NULLABILITY = YES;
				CLANG_WARN_ASSIGN_ENUM = YES;
				CLANG_WARN_BLOCK_CAPTURE_AUTORELEASING = YES;
				CLANG_WARN_BOOL_CONVERSION = YES;
				CLANG_WARN_COMMA = YES;
				CLANG_WARN_CONSTANT_CONVERSION = YES;
				CLANG_WARN_CXX0X_EXTENSIONS = YES;
				CLANG_WARN_DEPRECATED_OBJC_IMPLEMENTATIONS = YES;
				CLANG_WARN_DIRECT_OBJC_ISA_USAGE = YES_ERROR;
				CLANG_WARN_DOCUMENTATION_COMMENTS = YES;
				CLANG_WARN_EMPTY_BODY = YES;
				CLANG_WARN_ENUM_CONVERSION = YES;
				CLANG_WARN_FLOAT_CONVERSION = YES;
				CLANG_WARN_IMPLICIT_SIGN_CONVERSION = YES;
				CLANG_WARN_INFINITE_RECURSION = YES;
				CLANG_WARN_INT_CONVERSION = YES;
				CLANG_WARN_NON_LITERAL_NULL_CONVERSION = YES;
				CLANG_WARN_OBJC_EXPLICIT_OWNERSHIP_TYPE = YES;
				CLANG_WARN_OBJC_IMPLICIT_RETAIN_SELF = YES;
				CLANG_WARN_OBJC_LITERAL_CONVERSION = YES;
				CLANG_WARN_OBJC_REPEATED_USE_OF_WEAK = YES;
				CLANG_WARN_OBJC_ROOT_CLASS = YES_ERROR;
				CLANG_WARN_RANGE_LOOP_ANALYSIS = YES;
				CLANG_WARN_STRICT_PROTOTYPES = YES;
				CLANG_WARN_SUSPICIOUS_IMPLICIT_CONVERSION = YES;
				CLANG_WARN_SUSPICIOUS_MOVE = YES;
				CLANG_WARN_UNREACHABLE_CODE = YES;
				CLANG_WARN__DUPLICATE_METHOD_MATCH = YES;
				CLANG_WARN__EXIT_TIME_DESTRUCTORS = YES;
				ENABLE_STRICT_OBJC_MSGSEND = YES;
				ENABLE_TESTABILITY = YES;
				GCC_NO_COMMON_BLOCKS = YES;
				GCC_OPTIMIZATION_LEVEL = 0;
				GCC_PREPROCESSOR_DEFINITIONS = (
					"DEBUG=1",
					"$(inherited)",
				);
				GCC_TREAT_IMPLICIT_FUNCTION_DECLARATIONS_AS_ERRORS = YES;
				GCC_TREAT_INCOMPATIBLE_POINTER_TYPE_WARNINGS_AS_ERRORS = YES;
				GCC_WARN_64_TO_32_BIT_CONVERSION = YES;
				GCC_WARN_ABOUT_MISSING_FIELD_INITIALIZERS = YES;
				GCC_WARN_ABOUT_MISSING_NEWLINE = YES;
				GCC_WARN_ABOUT_MISSING_PROTOTYPES = YES;
				GCC_WARN_ABOUT_RETURN_TYPE = YES;
				GCC_WARN_FOUR_CHARACTER_CONSTANTS = YES;
				GCC_WARN_HIDDEN_VIRTUAL_FUNCTIONS = YES;
				GCC_WARN_INITIALIZER_NOT_FULLY_BRACKETED = YES;
				GCC_WARN_SHADOW = YES;
				GCC_WARN_SIGN_COMPARE = YES;
				GCC_WARN_STRICT_SELECTOR_MATCH = YES;
				GCC_WARN_UNDECLARED_SELECTOR = YES;
				GCC_WARN_UNINITIALIZED_AUTOS = YES_AGGRESSIVE;
				GCC_WARN_UNKNOWN_PRAGMAS = YES;
				GCC_WARN_UNUSED_FUNCTION = YES;
				GCC_WARN_UNUSED_LABEL = YES;
				GCC_WARN_UNUSED_VARIABLE = YES;
				MTL_ENABLE_DEBUG_INFO = YES;
				ONLY_ACTIVE_ARCH = YES;
			};
			name = Debug;
		};
		686A93D41E4D291B002C7ED1 /* Release */ = {
			isa = XCBuildConfiguration;
			buildSettings = {
				CLANG_ANALYZER_LOCALIZABILITY_EMPTY_CONTEXT = YES;
				CLANG_ANALYZER_LOCALIZABILITY_NONLOCALIZED = YES;
				CLANG_ANALYZER_NONNULL = YES;
				CLANG_ANALYZER_SECURITY_FLOATLOOPCOUNTER = YES;
				CLANG_ANALYZER_SECURITY_INSECUREAPI_RAND = YES;
				CLANG_ANALYZER_SECURITY_INSECUREAPI_STRCPY = YES;
				CLANG_ENABLE_OBJC_ARC = YES;
				CLANG_UNDEFINED_BEHAVIOR_SANITIZER_INTEGER = YES;
				CLANG_UNDEFINED_BEHAVIOR_SANITIZER_NULLABILITY = YES;
				CLANG_WARN_ASSIGN_ENUM = YES;
				CLANG_WARN_BLOCK_CAPTURE_AUTORELEASING = YES;
				CLANG_WARN_BOOL_CONVERSION = YES;
				CLANG_WARN_COMMA = YES;
				CLANG_WARN_CONSTANT_CONVERSION = YES;
				CLANG_WARN_CXX0X_EXTENSIONS = YES;
				CLANG_WARN_DEPRECATED_OBJC_IMPLEMENTATIONS = YES;
				CLANG_WARN_DIRECT_OBJC_ISA_USAGE = YES_ERROR;
				CLANG_WARN_DOCUMENTATION_COMMENTS = YES;
				CLANG_WARN_EMPTY_BODY = YES;
				CLANG_WARN_ENUM_CONVERSION = YES;
				CLANG_WARN_FLOAT_CONVERSION = YES;
				CLANG_WARN_IMPLICIT_SIGN_CONVERSION = YES;
				CLANG_WARN_INFINITE_RECURSION = YES;
				CLANG_WARN_INT_CONVERSION = YES;
				CLANG_WARN_NON_LITERAL_NULL_CONVERSION = YES;
				CLANG_WARN_OBJC_EXPLICIT_OWNERSHIP_TYPE = YES;
				CLANG_WARN_OBJC_IMPLICIT_RETAIN_SELF = YES;
				CLANG_WARN_OBJC_LITERAL_CONVERSION = YES;
				CLANG_WARN_OBJC_REPEATED_USE_OF_WEAK = YES;
				CLANG_WARN_OBJC_ROOT_CLASS = YES_ERROR;
				CLANG_WARN_RANGE_LOOP_ANALYSIS = YES;
				CLANG_WARN_STRICT_PROTOTYPES = YES;
				CLANG_WARN_SUSPICIOUS_IMPLICIT_CONVERSION = YES;
				CLANG_WARN_SUSPICIOUS_MOVE = YES;
				CLANG_WARN_UNREACHABLE_CODE = YES;
				CLANG_WARN__DUPLICATE_METHOD_MATCH = YES;
				CLANG_WARN__EXIT_TIME_DESTRUCTORS = YES;
				ENABLE_STRICT_OBJC_MSGSEND = YES;
				GCC_NO_COMMON_BLOCKS = YES;
				GCC_OPTIMIZATION_LEVEL = s;
				GCC_TREAT_IMPLICIT_FUNCTION_DECLARATIONS_AS_ERRORS = YES;
				GCC_TREAT_INCOMPATIBLE_POINTER_TYPE_WARNINGS_AS_ERRORS = YES;
				GCC_WARN_64_TO_32_BIT_CONVERSION = YES;
				GCC_WARN_ABOUT_MISSING_FIELD_INITIALIZERS = YES;
				GCC_WARN_ABOUT_MISSING_NEWLINE = YES;
				GCC_WARN_ABOUT_MISSING_PROTOTYPES = YES;
				GCC_WARN_ABOUT_RETURN_TYPE = YES;
				GCC_WARN_FOUR_CHARACTER_CONSTANTS = YES;
				GCC_WARN_HIDDEN_VIRTUAL_FUNCTIONS = YES;
				GCC_WARN_INITIALIZER_NOT_FULLY_BRACKETED = YES;
				GCC_WARN_SHADOW = YES;
				GCC_WARN_SIGN_COMPARE = YES;
				GCC_WARN_STRICT_SELECTOR_MATCH = YES;
				GCC_WARN_UNDECLARED_SELECTOR = YES;
				GCC_WARN_UNINITIALIZED_AUTOS = YES_AGGRESSIVE;
				GCC_WARN_UNKNOWN_PRAGMAS = YES;
				GCC_WARN_UNUSED_FUNCTION = YES;
				GCC_WARN_UNUSED_LABEL = YES;
				GCC_WARN_UNUSED_VARIABLE = YES;
				MTL_ENABLE_DEBUG_INFO = NO;
			};
			name = Release;
		};
		686A93D61E4D291B002C7ED1 /* Debug */ = {
			isa = XCBuildConfiguration;
			buildSettings = {
				CLANG_CXX_LANGUAGE_STANDARD = "c++17";
				CLANG_ENABLE_OBJC_ARC = YES;
				COMBINE_HIDPI_IMAGES = YES;
				INFOPLIST_FILE = Info.plist;
				INSTALL_PATH = "$(LOCAL_LIBRARY_DIR)/Bundles";
				OTHER_CPLUSPLUSFLAGS = (
					"$(OTHER_CFLAGS)",
					"-x",
					"objective-c++",
				);
				PRODUCT_BUNDLE_IDENTIFIER = uk.nixCode.VDJartnet;
				PRODUCT_NAME = "$(TARGET_NAME)";
				SKIP_INSTALL = YES;
				USE_HEADERMAP = NO;
				WRAPPER_EXTENSION = bundle;
			};
			name = Debug;
		};
		686A93D71E4D291B002C7ED1 /* Release */ = {
			isa = XCBuildConfiguration;
			buildSettings = {
				CLANG_CXX_LANGUAGE_STANDARD = "c++17";
				CLANG_ENABLE_OBJC_ARC = YES;
				COMBINE_HIDPI_IMAGES = YES;
				INFOPLIST_FILE = Info.plist;
				INSTALL_PATH = "$(LOCAL_LIBRARY_DIR)/Bundles";
				OTHER_CPLUSPLUSFLAGS = (
					"$(OTHER_CFLAGS)",
					"-x",
					"objective-c++",
				);
				PRODUCT_BUNDLE_IDENTIFIER = uk.nixCode.VDJartnet;
				PRODUCT_NAME = "$(TARGET_NAME)";
				SKIP_INSTALL = YES;
				USE_HEADERMAP = NO;
				WRAPPER_EXTENSION = bundle;
			};
			name = Release;
		};
/* End XCBuildConfiguration section */

/* Begin XCConfigurationList section */
		686A93CA1E4D2919002C7ED1 /* Build configuration list for PBXProject "VDJartnet" */ = {
			isa = XCConfigurationList;
			buildConfigurations = (
				686A93D31E4D291B002C7ED1 /* Debug */,
				686A93D41E4D291B002C7ED1 /* Release */,
			);
			defaultConfigurationIsVisible = 0;
			defaultConfigurationName = Release;
		};
		686A93D51E4D291B002C7ED1 /* Build configuration list for PBXNativeTarget "VDJartnet" */ = {
			isa = XCConfigurationList;
			buildConfigurations = (
				686A93D61E4D291B002C7ED1 /* Debug */,
				686A93D71E4D291B002C7ED1 /* Release */,
			);
			defaultConfigurationIsVisible = 0;
			defaultConfigurationName = Release;
		};
/* End XCConfigurationList section */
	};
	rootObject = 686A93C71E4D2919002C7ED1 /* Project object */;
}
